// !$*UTF8*$!
{
	archiveVersion = 1;
	classes = {
	};
	objectVersion = 46;
	objects = {

/* Begin PBXBuildFile section */
		BE54341E1A7D848100D2EFAE /* AppDelegate.swift in Sources */ = {isa = PBXBuildFile; fileRef = BE54341D1A7D848100D2EFAE /* AppDelegate.swift */; };
		BE5434201A7D848100D2EFAE /* ViewController.swift in Sources */ = {isa = PBXBuildFile; fileRef = BE54341F1A7D848100D2EFAE /* ViewController.swift */; };
		BE5434231A7D848100D2EFAE /* Main.storyboard in Resources */ = {isa = PBXBuildFile; fileRef = BE5434211A7D848100D2EFAE /* Main.storyboard */; };
		BE5434251A7D848100D2EFAE /* Images.xcassets in Resources */ = {isa = PBXBuildFile; fileRef = BE5434241A7D848100D2EFAE /* Images.xcassets */; };
		BE5434281A7D848100D2EFAE /* LaunchScreen.xib in Resources */ = {isa = PBXBuildFile; fileRef = BE5434261A7D848100D2EFAE /* LaunchScreen.xib */; };
		BE5434341A7D848100D2EFAE /* CalculatorTests.swift in Sources */ = {isa = PBXBuildFile; fileRef = BE5434331A7D848100D2EFAE /* CalculatorTests.swift */; };
/* End PBXBuildFile section */

/* Begin PBXContainerItemProxy section */
		BE54342E1A7D848100D2EFAE /* PBXContainerItemProxy */ = {
			isa = PBXContainerItemProxy;
			containerPortal = BE5434101A7D848100D2EFAE /* Project object */;
			proxyType = 1;
			remoteGlobalIDString = BE5434171A7D848100D2EFAE;
			remoteInfo = Calculator;
		};
/* End PBXContainerItemProxy section */

/* Begin PBXFileReference section */
		BE5434181A7D848100D2EFAE /* Calculator.app */ = {isa = PBXFileReference; explicitFileType = wrapper.application; includeInIndex = 0; path = Calculator.app; sourceTree = BUILT_PRODUCTS_DIR; };
		BE54341C1A7D848100D2EFAE /* Info.plist */ = {isa = PBXFileReference; lastKnownFileType = text.plist.xml; path = Info.plist; sourceTree = "<group>"; };
		BE54341D1A7D848100D2EFAE /* AppDelegate.swift */ = {isa = PBXFileReference; lastKnownFileType = sourcecode.swift; path = AppDelegate.swift; sourceTree = "<group>"; };
		BE54341F1A7D848100D2EFAE /* ViewController.swift */ = {isa = PBXFileReference; lastKnownFileType = sourcecode.swift; path = ViewController.swift; sourceTree = "<group>"; };
		BE5434221A7D848100D2EFAE /* Base */ = {isa = PBXFileReference; lastKnownFileType = file.storyboard; name = Base; path = Base.lproj/Main.storyboard; sourceTree = "<group>"; };
		BE5434241A7D848100D2EFAE /* Images.xcassets */ = {isa = PBXFileReference; lastKnownFileType = folder.assetcatalog; path = Images.xcassets; sourceTree = "<group>"; };
		BE5434271A7D848100D2EFAE /* Base */ = {isa = PBXFileReference; lastKnownFileType = file.xib; name = Base; path = Base.lproj/LaunchScreen.xib; sourceTree = "<group>"; };
		BE54342D1A7D848100D2EFAE /* CalculatorTests.xctest */ = {isa = PBXFileReference; explicitFileType = wrapper.cfbundle; includeInIndex = 0; path = CalculatorTests.xctest; sourceTree = BUILT_PRODUCTS_DIR; };
		BE5434321A7D848100D2EFAE /* Info.plist */ = {isa = PBXFileReference; lastKnownFileType = text.plist.xml; path = Info.plist; sourceTree = "<group>"; };
		BE5434331A7D848100D2EFAE /* CalculatorTests.swift */ = {isa = PBXFileReference; lastKnownFileType = sourcecode.swift; path = CalculatorTests.swift; sourceTree = "<group>"; };
/* End PBXFileReference section */

/* Begin PBXFrameworksBuildPhase section */
		BE5434151A7D848100D2EFAE /* Frameworks */ = {
			isa = PBXFrameworksBuildPhase;
			buildActionMask = 2147483647;
			files = (
			);
			runOnlyForDeploymentPostprocessing = 0;
		};
		BE54342A1A7D848100D2EFAE /* Frameworks */ = {
			isa = PBXFrameworksBuildPhase;
			buildActionMask = 2147483647;
			files = (
			);
			runOnlyForDeploymentPostprocessing = 0;
		};
/* End PBXFrameworksBuildPhase section */

/* Begin PBXGroup section */
		BE54340F1A7D848100D2EFAE = {
			isa = PBXGroup;
			children = (
				BE54341A1A7D848100D2EFAE /* Calculator */,
				BE5434301A7D848100D2EFAE /* CalculatorTests */,
				BE5434191A7D848100D2EFAE /* Products */,
			);
			sourceTree = "<group>";
		};
		BE5434191A7D848100D2EFAE /* Products */ = {
			isa = PBXGroup;
			children = (
				BE5434181A7D848100D2EFAE /* Calculator.app */,
				BE54342D1A7D848100D2EFAE /* CalculatorTests.xctest */,
			);
			name = Products;
			sourceTree = "<group>";
		};
		BE54341A1A7D848100D2EFAE /* Calculator */ = {
			isa = PBXGroup;
			children = (
				BE54341F1A7D848100D2EFAE /* ViewController.swift */,
				BE5434211A7D848100D2EFAE /* Main.storyboard */,
				BE54341B1A7D848100D2EFAE /* Supporting Files */,
			);
			path = Calculator;
			sourceTree = "<group>";
		};
		BE54341B1A7D848100D2EFAE /* Supporting Files */ = {
			isa = PBXGroup;
			children = (
				BE5434261A7D848100D2EFAE /* LaunchScreen.xib */,
				BE5434241A7D848100D2EFAE /* Images.xcassets */,
				BE54341D1A7D848100D2EFAE /* AppDelegate.swift */,
				BE54341C1A7D848100D2EFAE /* Info.plist */,
			);
			name = "Supporting Files";
			sourceTree = "<group>";
		};
		BE5434301A7D848100D2EFAE /* CalculatorTests */ = {
			isa = PBXGroup;
			children = (
				BE5434331A7D848100D2EFAE /* CalculatorTests.swift */,
				BE5434311A7D848100D2EFAE /* Supporting Files */,
			);
			path = CalculatorTests;
			sourceTree = "<group>";
		};
		BE5434311A7D848100D2EFAE /* Supporting Files */ = {
			isa = PBXGroup;
			children = (
				BE5434321A7D848100D2EFAE /* Info.plist */,
			);
			name = "Supporting Files";
			sourceTree = "<group>";
		};
/* End PBXGroup section */

/* Begin PBXNativeTarget section */
		BE5434171A7D848100D2EFAE /* Calculator */ = {
			isa = PBXNativeTarget;
			buildConfigurationList = BE5434371A7D848100D2EFAE /* Build configuration list for PBXNativeTarget "Calculator" */;
			buildPhases = (
				BE5434141A7D848100D2EFAE /* Sources */,
				BE5434151A7D848100D2EFAE /* Frameworks */,
				BE5434161A7D848100D2EFAE /* Resources */,
			);
			buildRules = (
			);
			dependencies = (
			);
			name = Calculator;
			productName = Calculator;
			productReference = BE5434181A7D848100D2EFAE /* Calculator.app */;
			productType = "com.apple.product-type.application";
		};
		BE54342C1A7D848100D2EFAE /* CalculatorTests */ = {
			isa = PBXNativeTarget;
			buildConfigurationList = BE54343A1A7D848100D2EFAE /* Build configuration list for PBXNativeTarget "CalculatorTests" */;
			buildPhases = (
				BE5434291A7D848100D2EFAE /* Sources */,
				BE54342A1A7D848100D2EFAE /* Frameworks */,
				BE54342B1A7D848100D2EFAE /* Resources */,
			);
			buildRules = (
			);
			dependencies = (
				BE54342F1A7D848100D2EFAE /* PBXTargetDependency */,
			);
			name = CalculatorTests;
			productName = CalculatorTests;
			productReference = BE54342D1A7D848100D2EFAE /* CalculatorTests.xctest */;
			productType = "com.apple.product-type.bundle.unit-test";
		};
/* End PBXNativeTarget section */

/* Begin PBXProject section */
		BE5434101A7D848100D2EFAE /* Project object */ = {
			isa = PBXProject;
			attributes = {
				LastUpgradeCheck = 0610;
				ORGANIZATIONNAME = "WILLIAM MITCHELL";
				TargetAttributes = {
					BE5434171A7D848100D2EFAE = {
						CreatedOnToolsVersion = 6.1.1;
					};
					BE54342C1A7D848100D2EFAE = {
						CreatedOnToolsVersion = 6.1.1;
						TestTargetID = BE5434171A7D848100D2EFAE;
					};
				};
			};
			buildConfigurationList = BE5434131A7D848100D2EFAE /* Build configuration list for PBXProject "Calculator" */;
			compatibilityVersion = "Xcode 3.2";
			developmentRegion = English;
			hasScannedForEncodings = 0;
			knownRegions = (
				en,
				Base,
			);
			mainGroup = BE54340F1A7D848100D2EFAE;
			productRefGroup = BE5434191A7D848100D2EFAE /* Products */;
			projectDirPath = "";
			projectRoot = "";
			targets = (
				BE5434171A7D848100D2EFAE /* Calculator */,
				BE54342C1A7D848100D2EFAE /* CalculatorTests */,
			);
		};
/* End PBXProject section */

/* Begin PBXResourcesBuildPhase section */
		BE5434161A7D848100D2EFAE /* Resources */ = {
			isa = PBXResourcesBuildPhase;
			buildActionMask = 2147483647;
			files = (
				BE5434231A7D848100D2EFAE /* Main.storyboard in Resources */,
				BE5434281A7D848100D2EFAE /* LaunchScreen.xib in Resources */,
				BE5434251A7D848100D2EFAE /* Images.xcassets in Resources */,
			);
			runOnlyForDeploymentPostprocessing = 0;
		};
		BE54342B1A7D848100D2EFAE /* Resources */ = {
			isa = PBXResourcesBuildPhase;
			buildActionMask = 2147483647;
			files = (
			);
			runOnlyForDeploymentPostprocessing = 0;
		};
/* End PBXResourcesBuildPhase section */

/* Begin PBXSourcesBuildPhase section */
		BE5434141A7D848100D2EFAE /* Sources */ = {
			isa = PBXSourcesBuildPhase;
			buildActionMask = 2147483647;
			files = (
				BE5434201A7D848100D2EFAE /* ViewController.swift in Sources */,
				BE54341E1A7D848100D2EFAE /* AppDelegate.swift in Sources */,
			);
			runOnlyForDeploymentPostprocessing = 0;
		};
		BE5434291A7D848100D2EFAE /* Sources */ = {
			isa = PBXSourcesBuildPhase;
			buildActionMask = 2147483647;
			files = (
				BE5434341A7D848100D2EFAE /* CalculatorTests.swift in Sources */,
			);
			runOnlyForDeploymentPostprocessing = 0;
		};
/* End PBXSourcesBuildPhase section */

/* Begin PBXTargetDependency section */
		BE54342F1A7D848100D2EFAE /* PBXTargetDependency */ = {
			isa = PBXTargetDependency;
			target = BE5434171A7D848100D2EFAE /* Calculator */;
			targetProxy = BE54342E1A7D848100D2EFAE /* PBXContainerItemProxy */;
		};
/* End PBXTargetDependency section */

/* Begin PBXVariantGroup section */
		BE5434211A7D848100D2EFAE /* Main.storyboard */ = {
			isa = PBXVariantGroup;
			children = (
				BE5434221A7D848100D2EFAE /* Base */,
			);
			name = Main.storyboard;
			sourceTree = "<group>";
		};
		BE5434261A7D848100D2EFAE /* LaunchScreen.xib */ = {
			isa = PBXVariantGroup;
			children = (
				BE5434271A7D848100D2EFAE /* Base */,
			);
			name = LaunchScreen.xib;
			sourceTree = "<group>";
		};
/* End PBXVariantGroup section */

/* Begin XCBuildConfiguration section */
		BE5434351A7D848100D2EFAE /* Debug */ = {
			isa = XCBuildConfiguration;
			buildSettings = {
				ALWAYS_SEARCH_USER_PATHS = NO;
				CLANG_CXX_LANGUAGE_STANDARD = "gnu++0x";
				CLANG_CXX_LIBRARY = "libc++";
				CLANG_ENABLE_MODULES = YES;
				CLANG_ENABLE_OBJC_ARC = YES;
				CLANG_WARN_BOOL_CONVERSION = YES;
				CLANG_WARN_CONSTANT_CONVERSION = YES;
				CLANG_WARN_DIRECT_OBJC_ISA_USAGE = YES_ERROR;
				CLANG_WARN_EMPTY_BODY = YES;
				CLANG_WARN_ENUM_CONVERSION = YES;
				CLANG_WARN_INT_CONVERSION = YES;
				CLANG_WARN_OBJC_ROOT_CLASS = YES_ERROR;
				CLANG_WARN_UNREACHABLE_CODE = YES;
				CLANG_WARN__DUPLICATE_METHOD_MATCH = YES;
				"CODE_SIGN_IDENTITY[sdk=iphoneos*]" = "iPhone Developer";
				COPY_PHASE_STRIP = NO;
				ENABLE_STRICT_OBJC_MSGSEND = YES;
				GCC_C_LANGUAGE_STANDARD = gnu99;
				GCC_DYNAMIC_NO_PIC = NO;
				GCC_OPTIMIZATION_LEVEL = 0;
				GCC_PREPROCESSOR_DEFINITIONS = (
					"DEBUG=1",
					"$(inherited)",
				);
				GCC_SYMBOLS_PRIVATE_EXTERN = NO;
				GCC_WARN_64_TO_32_BIT_CONVERSION = YES;
				GCC_WARN_ABOUT_RETURN_TYPE = YES_ERROR;
				GCC_WARN_UNDECLARED_SELECTOR = YES;
				GCC_WARN_UNINITIALIZED_AUTOS = YES_AGGRESSIVE;
				GCC_WARN_UNUSED_FUNCTION = YES;
				GCC_WARN_UNUSED_VARIABLE = YES;
				IPHONEOS_DEPLOYMENT_TARGET = 8.1;
				MTL_ENABLE_DEBUG_INFO = YES;
				ONLY_ACTIVE_ARCH = YES;
				SDKROOT = iphoneos;
				SWIFT_OPTIMIZATION_LEVEL = "-Onone";
				TARGETED_DEVICE_FAMILY = "1,2";
			};
			name = Debug;
		};
		BE5434361A7D848100D2EFAE /* Release */ = {
			isa = XCBuildConfiguration;
			buildSettings = {
				ALWAYS_SEARCH_USER_PATHS = NO;
				CLANG_CXX_LANGUAGE_STANDARD = "gnu++0x";
				CLANG_CXX_LIBRARY = "libc++";
				CLANG_ENABLE_MODULES = YES;
				CLANG_ENABLE_OBJC_ARC = YES;
				CLANG_WARN_BOOL_CONVERSION = YES;
				CLANG_WARN_CONSTANT_CONVERSION = YES;
				CLANG_WARN_DIRECT_OBJC_ISA_USAGE = YES_ERROR;
				CLANG_WARN_EMPTY_BODY = YES;
				CLANG_WARN_ENUM_CONVERSION = YES;
				CLANG_WARN_INT_CONVERSION = YES;
				CLANG_WARN_OBJC_ROOT_CLASS = YES_ERROR;
				CLANG_WARN_UNREACHABLE_CODE = YES;
				CLANG_WARN__DUPLICATE_METHOD_MATCH = YES;
				"CODE_SIGN_IDENTITY[sdk=iphoneos*]" = "iPhone Developer";
				COPY_PHASE_STRIP = YES;
				ENABLE_NS_ASSERTIONS = NO;
				ENABLE_STRICT_OBJC_MSGSEND = YES;
				GCC_C_LANGUAGE_STANDARD = gnu99;
				GCC_WARN_64_TO_32_BIT_CONVERSION = YES;
				GCC_WARN_ABOUT_RETURN_TYPE = YES_ERROR;
				GCC_WARN_UNDECLARED_SELECTOR = YES;
				GCC_WARN_UNINITIALIZED_AUTOS = YES_AGGRESSIVE;
				GCC_WARN_UNUSED_FUNCTION = YES;
				GCC_WARN_UNUSED_VARIABLE = YES;
				IPHONEOS_DEPLOYMENT_TARGET = 8.1;
				MTL_ENABLE_DEBUG_INFO = NO;
				SDKROOT = iphoneos;
				TARGETED_DEVICE_FAMILY = "1,2";
				VALIDATE_PRODUCT = YES;
			};
			name = Release;
		};
		BE5434381A7D848100D2EFAE /* Debug */ = {
			isa = XCBuildConfiguration;
			buildSettings = {
				ASSETCATALOG_COMPILER_APPICON_NAME = AppIcon;
				INFOPLIST_FILE = Calculator/Info.plist;
				LD_RUNPATH_SEARCH_PATHS = "$(inherited) @executable_path/Frameworks";
				PRODUCT_NAME = "$(TARGET_NAME)";
			};
			name = Debug;
		};
		BE5434391A7D848100D2EFAE /* Release */ = {
			isa = XCBuildConfiguration;
			buildSettings = {
				ASSETCATALOG_COMPILER_APPICON_NAME = AppIcon;
				INFOPLIST_FILE = Calculator/Info.plist;
				LD_RUNPATH_SEARCH_PATHS = "$(inherited) @executable_path/Frameworks";
				PRODUCT_NAME = "$(TARGET_NAME)";
			};
			name = Release;
		};
		BE54343B1A7D848100D2EFAE /* Debug */ = {
			isa = XCBuildConfiguration;
			buildSettings = {
				BUNDLE_LOADER = "$(TEST_HOST)";
				FRAMEWORK_SEARCH_PATHS = (
					"$(SDKROOT)/Developer/Library/Frameworks",
					"$(inherited)",
				);
				GCC_PREPROCESSOR_DEFINITIONS = (
					"DEBUG=1",
					"$(inherited)",
				);
				INFOPLIST_FILE = CalculatorTests/Info.plist;
				LD_RUNPATH_SEARCH_PATHS = "$(inherited) @executable_path/Frameworks @loader_path/Frameworks";
				PRODUCT_NAME = "$(TARGET_NAME)";
				TEST_HOST = "$(BUILT_PRODUCTS_DIR)/Calculator.app/Calculator";
			};
			name = Debug;
		};
		BE54343C1A7D848100D2EFAE /* Release */ = {
			isa = XCBuildConfiguration;
			buildSettings = {
				BUNDLE_LOADER = "$(TEST_HOST)";
				FRAMEWORK_SEARCH_PATHS = (
					"$(SDKROOT)/Developer/Library/Frameworks",
					"$(inherited)",
				);
				INFOPLIST_FILE = CalculatorTests/Info.plist;
				LD_RUNPATH_SEARCH_PATHS = "$(inherited) @executable_path/Frameworks @loader_path/Frameworks";
				PRODUCT_NAME = "$(TARGET_NAME)";
				TEST_HOST = "$(BUILT_PRODUCTS_DIR)/Calculator.app/Calculator";
			};
			name = Release;
		};
/* End XCBuildConfiguration section */

/* Begin XCConfigurationList section */
		BE5434131A7D848100D2EFAE /* Build configuration list for PBXProject "Calculator" */ = {
			isa = XCConfigurationList;
			buildConfigurations = (
				BE5434351A7D848100D2EFAE /* Debug */,
				BE5434361A7D848100D2EFAE /* Release */,
			);
			defaultConfigurationIsVisible = 0;
			defaultConfigurationName = Release;
		};
		BE5434371A7D848100D2EFAE /* Build configuration list for PBXNativeTarget "Calculator" */ = {
			isa = XCConfigurationList;
			buildConfigurations = (
				BE5434381A7D848100D2EFAE /* Debug */,
				BE5434391A7D848100D2EFAE /* Release */,
			);
			defaultConfigurationIsVisible = 0;
		};
		BE54343A1A7D848100D2EFAE /* Build configuration list for PBXNativeTarget "CalculatorTests" */ = {
			isa = XCConfigurationList;
			buildConfigurations = (
				BE54343B1A7D848100D2EFAE /* Debug */,
				BE54343C1A7D848100D2EFAE /* Release */,
			);
			defaultConfigurationIsVisible = 0;
		};
/* End XCConfigurationList section */
	};
	rootObject = BE5434101A7D848100D2EFAE /* Project object */;
}
